// !$*UTF8*$!
{
	archiveVersion = 1;
	classes = {
	};
	objectVersion = 50;
	objects = {

/* Begin PBXBuildFile section */
		0845DC844400E39B0BC140CA /* Pods_open_now_iosTests.framework in Frameworks */ = {isa = PBXBuildFile; fileRef = 680DCAD98CCDBBE77E7A4F00 /* Pods_open_now_iosTests.framework */; };
		5F86EEAB21FD2FED006C31D1 /* AppDelegate.swift in Sources */ = {isa = PBXBuildFile; fileRef = 5F86EEAA21FD2FED006C31D1 /* AppDelegate.swift */; };
		5F86EEAD21FD2FED006C31D1 /* ViewController.swift in Sources */ = {isa = PBXBuildFile; fileRef = 5F86EEAC21FD2FED006C31D1 /* ViewController.swift */; };
		5F86EEB021FD2FED006C31D1 /* Main.storyboard in Resources */ = {isa = PBXBuildFile; fileRef = 5F86EEAE21FD2FED006C31D1 /* Main.storyboard */; };
		5F86EEB221FD2FED006C31D1 /* Assets.xcassets in Resources */ = {isa = PBXBuildFile; fileRef = 5F86EEB121FD2FED006C31D1 /* Assets.xcassets */; };
		5F86EEB521FD2FED006C31D1 /* LaunchScreen.storyboard in Resources */ = {isa = PBXBuildFile; fileRef = 5F86EEB321FD2FED006C31D1 /* LaunchScreen.storyboard */; };
		5F86EEC021FD2FED006C31D1 /* open_now_iosTests.swift in Sources */ = {isa = PBXBuildFile; fileRef = 5F86EEBF21FD2FED006C31D1 /* open_now_iosTests.swift */; };
		5F86EECB21FD2FED006C31D1 /* open_now_iosUITests.swift in Sources */ = {isa = PBXBuildFile; fileRef = 5F86EECA21FD2FED006C31D1 /* open_now_iosUITests.swift */; };
		6ED67F0D21FDD6E7000F7511 /* service.pb.swift in Sources */ = {isa = PBXBuildFile; fileRef = 6ED67F0B21FDD6E7000F7511 /* service.pb.swift */; };
		6ED67F0E21FDD6E7000F7511 /* service.grpc.swift in Sources */ = {isa = PBXBuildFile; fileRef = 6ED67F0C21FDD6E7000F7511 /* service.grpc.swift */; };
		6ED67F1321FE3728000F7511 /* DrawerViewController.swift in Sources */ = {isa = PBXBuildFile; fileRef = 6ED67F1221FE3728000F7511 /* DrawerViewController.swift */; };
		7152CBE603A68E3E0087CA9D /* Pods_open_now_iosUITests.framework in Frameworks */ = {isa = PBXBuildFile; fileRef = 9894ECA2B3F04C4413D71272 /* Pods_open_now_iosUITests.framework */; };
		E45C7EB0F9DB81C2E197C163 /* Pods_open_now_ios.framework in Frameworks */ = {isa = PBXBuildFile; fileRef = 38F8D9AF4EAD7AD3246A4BB3 /* Pods_open_now_ios.framework */; };
/* End PBXBuildFile section */

/* Begin PBXContainerItemProxy section */
		5F86EEBC21FD2FED006C31D1 /* PBXContainerItemProxy */ = {
			isa = PBXContainerItemProxy;
			containerPortal = 5F86EE9F21FD2FEC006C31D1 /* Project object */;
			proxyType = 1;
			remoteGlobalIDString = 5F86EEA621FD2FEC006C31D1;
			remoteInfo = "open-now-ios";
		};
		5F86EEC721FD2FED006C31D1 /* PBXContainerItemProxy */ = {
			isa = PBXContainerItemProxy;
			containerPortal = 5F86EE9F21FD2FEC006C31D1 /* Project object */;
			proxyType = 1;
			remoteGlobalIDString = 5F86EEA621FD2FEC006C31D1;
			remoteInfo = "open-now-ios";
		};
/* End PBXContainerItemProxy section */

/* Begin PBXFileReference section */
		15BB3FED3140A43F0397A8E6 /* Pods-open-now-iosUITests.release.xcconfig */ = {isa = PBXFileReference; includeInIndex = 1; lastKnownFileType = text.xcconfig; name = "Pods-open-now-iosUITests.release.xcconfig"; path = "Pods/Target Support Files/Pods-open-now-iosUITests/Pods-open-now-iosUITests.release.xcconfig"; sourceTree = "<group>"; };
		38F8D9AF4EAD7AD3246A4BB3 /* Pods_open_now_ios.framework */ = {isa = PBXFileReference; explicitFileType = wrapper.framework; includeInIndex = 0; path = Pods_open_now_ios.framework; sourceTree = BUILT_PRODUCTS_DIR; };
		434576811570149532CC16E3 /* Pods-open-now-iosTests.debug.xcconfig */ = {isa = PBXFileReference; includeInIndex = 1; lastKnownFileType = text.xcconfig; name = "Pods-open-now-iosTests.debug.xcconfig"; path = "Pods/Target Support Files/Pods-open-now-iosTests/Pods-open-now-iosTests.debug.xcconfig"; sourceTree = "<group>"; };
		4F6A070DD06A98F406F03803 /* Pods-open-now-iosTests.release.xcconfig */ = {isa = PBXFileReference; includeInIndex = 1; lastKnownFileType = text.xcconfig; name = "Pods-open-now-iosTests.release.xcconfig"; path = "Pods/Target Support Files/Pods-open-now-iosTests/Pods-open-now-iosTests.release.xcconfig"; sourceTree = "<group>"; };
		5F86EEA721FD2FED006C31D1 /* open-now-ios.app */ = {isa = PBXFileReference; explicitFileType = wrapper.application; includeInIndex = 0; path = "open-now-ios.app"; sourceTree = BUILT_PRODUCTS_DIR; };
		5F86EEAA21FD2FED006C31D1 /* AppDelegate.swift */ = {isa = PBXFileReference; lastKnownFileType = sourcecode.swift; path = AppDelegate.swift; sourceTree = "<group>"; };
		5F86EEAC21FD2FED006C31D1 /* ViewController.swift */ = {isa = PBXFileReference; lastKnownFileType = sourcecode.swift; path = ViewController.swift; sourceTree = "<group>"; };
		5F86EEAF21FD2FED006C31D1 /* Base */ = {isa = PBXFileReference; lastKnownFileType = file.storyboard; name = Base; path = Base.lproj/Main.storyboard; sourceTree = "<group>"; };
		5F86EEB121FD2FED006C31D1 /* Assets.xcassets */ = {isa = PBXFileReference; lastKnownFileType = folder.assetcatalog; path = Assets.xcassets; sourceTree = "<group>"; };
		5F86EEB421FD2FED006C31D1 /* Base */ = {isa = PBXFileReference; lastKnownFileType = file.storyboard; name = Base; path = Base.lproj/LaunchScreen.storyboard; sourceTree = "<group>"; };
		5F86EEB621FD2FED006C31D1 /* Info.plist */ = {isa = PBXFileReference; lastKnownFileType = text.plist.xml; path = Info.plist; sourceTree = "<group>"; };
		5F86EEBB21FD2FED006C31D1 /* open-now-iosTests.xctest */ = {isa = PBXFileReference; explicitFileType = wrapper.cfbundle; includeInIndex = 0; path = "open-now-iosTests.xctest"; sourceTree = BUILT_PRODUCTS_DIR; };
		5F86EEBF21FD2FED006C31D1 /* open_now_iosTests.swift */ = {isa = PBXFileReference; lastKnownFileType = sourcecode.swift; path = open_now_iosTests.swift; sourceTree = "<group>"; };
		5F86EEC121FD2FED006C31D1 /* Info.plist */ = {isa = PBXFileReference; lastKnownFileType = text.plist.xml; path = Info.plist; sourceTree = "<group>"; };
		5F86EEC621FD2FED006C31D1 /* open-now-iosUITests.xctest */ = {isa = PBXFileReference; explicitFileType = wrapper.cfbundle; includeInIndex = 0; path = "open-now-iosUITests.xctest"; sourceTree = BUILT_PRODUCTS_DIR; };
		5F86EECA21FD2FED006C31D1 /* open_now_iosUITests.swift */ = {isa = PBXFileReference; lastKnownFileType = sourcecode.swift; path = open_now_iosUITests.swift; sourceTree = "<group>"; };
		5F86EECC21FD2FED006C31D1 /* Info.plist */ = {isa = PBXFileReference; lastKnownFileType = text.plist.xml; path = Info.plist; sourceTree = "<group>"; };
		5F86EEDA21FD3C2A006C31D1 /* Bridge.h */ = {isa = PBXFileReference; lastKnownFileType = sourcecode.c.h; path = Bridge.h; sourceTree = "<group>"; };
		680DCAD98CCDBBE77E7A4F00 /* Pods_open_now_iosTests.framework */ = {isa = PBXFileReference; explicitFileType = wrapper.framework; includeInIndex = 0; path = Pods_open_now_iosTests.framework; sourceTree = BUILT_PRODUCTS_DIR; };
		6ED67F0B21FDD6E7000F7511 /* service.pb.swift */ = {isa = PBXFileReference; fileEncoding = 4; lastKnownFileType = sourcecode.swift; name = service.pb.swift; path = ../../proto/swift/service.pb.swift; sourceTree = "<group>"; };
		6ED67F0C21FDD6E7000F7511 /* service.grpc.swift */ = {isa = PBXFileReference; fileEncoding = 4; lastKnownFileType = sourcecode.swift; name = service.grpc.swift; path = ../../proto/swift/service.grpc.swift; sourceTree = "<group>"; };
		6ED67F1221FE3728000F7511 /* DrawerViewController.swift */ = {isa = PBXFileReference; lastKnownFileType = sourcecode.swift; path = DrawerViewController.swift; sourceTree = "<group>"; };
		79C1BB13CF6F003B5BCAAA97 /* Pods-open-now-iosUITests.debug.xcconfig */ = {isa = PBXFileReference; includeInIndex = 1; lastKnownFileType = text.xcconfig; name = "Pods-open-now-iosUITests.debug.xcconfig"; path = "Pods/Target Support Files/Pods-open-now-iosUITests/Pods-open-now-iosUITests.debug.xcconfig"; sourceTree = "<group>"; };
		9894ECA2B3F04C4413D71272 /* Pods_open_now_iosUITests.framework */ = {isa = PBXFileReference; explicitFileType = wrapper.framework; includeInIndex = 0; path = Pods_open_now_iosUITests.framework; sourceTree = BUILT_PRODUCTS_DIR; };
		C06441A1B968162667694F8A /* Pods-open-now-ios.debug.xcconfig */ = {isa = PBXFileReference; includeInIndex = 1; lastKnownFileType = text.xcconfig; name = "Pods-open-now-ios.debug.xcconfig"; path = "Pods/Target Support Files/Pods-open-now-ios/Pods-open-now-ios.debug.xcconfig"; sourceTree = "<group>"; };
		D453F9990B8998CA2954E698 /* Pods-open-now-ios.release.xcconfig */ = {isa = PBXFileReference; includeInIndex = 1; lastKnownFileType = text.xcconfig; name = "Pods-open-now-ios.release.xcconfig"; path = "Pods/Target Support Files/Pods-open-now-ios/Pods-open-now-ios.release.xcconfig"; sourceTree = "<group>"; };
/* End PBXFileReference section */

/* Begin PBXFrameworksBuildPhase section */
		5F86EEA421FD2FEC006C31D1 /* Frameworks */ = {
			isa = PBXFrameworksBuildPhase;
			buildActionMask = 2147483647;
			files = (
				E45C7EB0F9DB81C2E197C163 /* Pods_open_now_ios.framework in Frameworks */,
			);
			runOnlyForDeploymentPostprocessing = 0;
		};
		5F86EEB821FD2FED006C31D1 /* Frameworks */ = {
			isa = PBXFrameworksBuildPhase;
			buildActionMask = 2147483647;
			files = (
				0845DC844400E39B0BC140CA /* Pods_open_now_iosTests.framework in Frameworks */,
			);
			runOnlyForDeploymentPostprocessing = 0;
		};
		5F86EEC321FD2FED006C31D1 /* Frameworks */ = {
			isa = PBXFrameworksBuildPhase;
			buildActionMask = 2147483647;
			files = (
				7152CBE603A68E3E0087CA9D /* Pods_open_now_iosUITests.framework in Frameworks */,
			);
			runOnlyForDeploymentPostprocessing = 0;
		};
/* End PBXFrameworksBuildPhase section */

/* Begin PBXGroup section */
		0A746BA17E1CA7E36052F161 /* Pods */ = {
			isa = PBXGroup;
			children = (
				C06441A1B968162667694F8A /* Pods-open-now-ios.debug.xcconfig */,
				D453F9990B8998CA2954E698 /* Pods-open-now-ios.release.xcconfig */,
				434576811570149532CC16E3 /* Pods-open-now-iosTests.debug.xcconfig */,
				4F6A070DD06A98F406F03803 /* Pods-open-now-iosTests.release.xcconfig */,
				79C1BB13CF6F003B5BCAAA97 /* Pods-open-now-iosUITests.debug.xcconfig */,
				15BB3FED3140A43F0397A8E6 /* Pods-open-now-iosUITests.release.xcconfig */,
			);
			name = Pods;
			sourceTree = "<group>";
		};
		5F86EE9E21FD2FEC006C31D1 = {
			isa = PBXGroup;
			children = (
				5F86EEA921FD2FED006C31D1 /* open-now-ios */,
				5F86EEBE21FD2FED006C31D1 /* open-now-iosTests */,
				5F86EEC921FD2FED006C31D1 /* open-now-iosUITests */,
				5F86EEA821FD2FED006C31D1 /* Products */,
				0A746BA17E1CA7E36052F161 /* Pods */,
				DFB9A353CB4D5C78FB5B78C4 /* Frameworks */,
			);
			sourceTree = "<group>";
		};
		5F86EEA821FD2FED006C31D1 /* Products */ = {
			isa = PBXGroup;
			children = (
				5F86EEA721FD2FED006C31D1 /* open-now-ios.app */,
				5F86EEBB21FD2FED006C31D1 /* open-now-iosTests.xctest */,
				5F86EEC621FD2FED006C31D1 /* open-now-iosUITests.xctest */,
			);
			name = Products;
			sourceTree = "<group>";
		};
		5F86EEA921FD2FED006C31D1 /* open-now-ios */ = {
			isa = PBXGroup;
			children = (
				5F86EEAA21FD2FED006C31D1 /* AppDelegate.swift */,
				5F86EEAC21FD2FED006C31D1 /* ViewController.swift */,
				6ED67F1221FE3728000F7511 /* DrawerViewController.swift */,
				6ED67F0C21FDD6E7000F7511 /* service.grpc.swift */,
				6ED67F0B21FDD6E7000F7511 /* service.pb.swift */,
				5F86EEDA21FD3C2A006C31D1 /* Bridge.h */,
				5F86EEAE21FD2FED006C31D1 /* Main.storyboard */,
				5F86EEB121FD2FED006C31D1 /* Assets.xcassets */,
				5F86EEB321FD2FED006C31D1 /* LaunchScreen.storyboard */,
				5F86EEB621FD2FED006C31D1 /* Info.plist */,
			);
			path = "open-now-ios";
			sourceTree = "<group>";
		};
		5F86EEBE21FD2FED006C31D1 /* open-now-iosTests */ = {
			isa = PBXGroup;
			children = (
				5F86EEBF21FD2FED006C31D1 /* open_now_iosTests.swift */,
				5F86EEC121FD2FED006C31D1 /* Info.plist */,
			);
			path = "open-now-iosTests";
			sourceTree = "<group>";
		};
		5F86EEC921FD2FED006C31D1 /* open-now-iosUITests */ = {
			isa = PBXGroup;
			children = (
				5F86EECA21FD2FED006C31D1 /* open_now_iosUITests.swift */,
				5F86EECC21FD2FED006C31D1 /* Info.plist */,
			);
			path = "open-now-iosUITests";
			sourceTree = "<group>";
		};
		DFB9A353CB4D5C78FB5B78C4 /* Frameworks */ = {
			isa = PBXGroup;
			children = (
				38F8D9AF4EAD7AD3246A4BB3 /* Pods_open_now_ios.framework */,
				680DCAD98CCDBBE77E7A4F00 /* Pods_open_now_iosTests.framework */,
				9894ECA2B3F04C4413D71272 /* Pods_open_now_iosUITests.framework */,
			);
			name = Frameworks;
			sourceTree = "<group>";
		};
/* End PBXGroup section */

/* Begin PBXNativeTarget section */
		5F86EEA621FD2FEC006C31D1 /* open-now-ios */ = {
			isa = PBXNativeTarget;
			buildConfigurationList = 5F86EECF21FD2FED006C31D1 /* Build configuration list for PBXNativeTarget "open-now-ios" */;
			buildPhases = (
				87FCA4AD118F428623B10A75 /* [CP] Check Pods Manifest.lock */,
				5F86EEA321FD2FEC006C31D1 /* Sources */,
				5F86EEA421FD2FEC006C31D1 /* Frameworks */,
				5F86EEA521FD2FEC006C31D1 /* Resources */,
				1E40B4BA9AF6167AA7D8D50E /* [CP] Embed Pods Frameworks */,
			);
			buildRules = (
			);
			dependencies = (
			);
			name = "open-now-ios";
			productName = "open-now-ios";
			productReference = 5F86EEA721FD2FED006C31D1 /* open-now-ios.app */;
			productType = "com.apple.product-type.application";
		};
		5F86EEBA21FD2FED006C31D1 /* open-now-iosTests */ = {
			isa = PBXNativeTarget;
			buildConfigurationList = 5F86EED221FD2FED006C31D1 /* Build configuration list for PBXNativeTarget "open-now-iosTests" */;
			buildPhases = (
				D791D2CDA2412202F202B591 /* [CP] Check Pods Manifest.lock */,
				5F86EEB721FD2FED006C31D1 /* Sources */,
				5F86EEB821FD2FED006C31D1 /* Frameworks */,
				5F86EEB921FD2FED006C31D1 /* Resources */,
			);
			buildRules = (
			);
			dependencies = (
				5F86EEBD21FD2FED006C31D1 /* PBXTargetDependency */,
			);
			name = "open-now-iosTests";
			productName = "open-now-iosTests";
			productReference = 5F86EEBB21FD2FED006C31D1 /* open-now-iosTests.xctest */;
			productType = "com.apple.product-type.bundle.unit-test";
		};
		5F86EEC521FD2FED006C31D1 /* open-now-iosUITests */ = {
			isa = PBXNativeTarget;
			buildConfigurationList = 5F86EED521FD2FED006C31D1 /* Build configuration list for PBXNativeTarget "open-now-iosUITests" */;
			buildPhases = (
				C76D98B5FF0F259DC9B85F73 /* [CP] Check Pods Manifest.lock */,
				5F86EEC221FD2FED006C31D1 /* Sources */,
				5F86EEC321FD2FED006C31D1 /* Frameworks */,
				5F86EEC421FD2FED006C31D1 /* Resources */,
			);
			buildRules = (
			);
			dependencies = (
				5F86EEC821FD2FED006C31D1 /* PBXTargetDependency */,
			);
			name = "open-now-iosUITests";
			productName = "open-now-iosUITests";
			productReference = 5F86EEC621FD2FED006C31D1 /* open-now-iosUITests.xctest */;
			productType = "com.apple.product-type.bundle.ui-testing";
		};
/* End PBXNativeTarget section */

/* Begin PBXProject section */
		5F86EE9F21FD2FEC006C31D1 /* Project object */ = {
			isa = PBXProject;
			attributes = {
				LastSwiftUpdateCheck = 1010;
				LastUpgradeCheck = 1010;
				ORGANIZATIONNAME = launchpals;
				TargetAttributes = {
					5F86EEA621FD2FEC006C31D1 = {
						CreatedOnToolsVersion = 10.1;
					};
					5F86EEBA21FD2FED006C31D1 = {
						CreatedOnToolsVersion = 10.1;
						TestTargetID = 5F86EEA621FD2FEC006C31D1;
					};
					5F86EEC521FD2FED006C31D1 = {
						CreatedOnToolsVersion = 10.1;
						TestTargetID = 5F86EEA621FD2FEC006C31D1;
					};
				};
			};
			buildConfigurationList = 5F86EEA221FD2FEC006C31D1 /* Build configuration list for PBXProject "open-now-ios" */;
			compatibilityVersion = "Xcode 9.3";
			developmentRegion = en;
			hasScannedForEncodings = 0;
			knownRegions = (
				en,
				Base,
			);
			mainGroup = 5F86EE9E21FD2FEC006C31D1;
			productRefGroup = 5F86EEA821FD2FED006C31D1 /* Products */;
			projectDirPath = "";
			projectRoot = "";
			targets = (
				5F86EEA621FD2FEC006C31D1 /* open-now-ios */,
				5F86EEBA21FD2FED006C31D1 /* open-now-iosTests */,
				5F86EEC521FD2FED006C31D1 /* open-now-iosUITests */,
			);
		};
/* End PBXProject section */

/* Begin PBXResourcesBuildPhase section */
		5F86EEA521FD2FEC006C31D1 /* Resources */ = {
			isa = PBXResourcesBuildPhase;
			buildActionMask = 2147483647;
			files = (
				5F86EEB521FD2FED006C31D1 /* LaunchScreen.storyboard in Resources */,
				5F86EEB221FD2FED006C31D1 /* Assets.xcassets in Resources */,
				5F86EEB021FD2FED006C31D1 /* Main.storyboard in Resources */,
			);
			runOnlyForDeploymentPostprocessing = 0;
		};
		5F86EEB921FD2FED006C31D1 /* Resources */ = {
			isa = PBXResourcesBuildPhase;
			buildActionMask = 2147483647;
			files = (
			);
			runOnlyForDeploymentPostprocessing = 0;
		};
		5F86EEC421FD2FED006C31D1 /* Resources */ = {
			isa = PBXResourcesBuildPhase;
			buildActionMask = 2147483647;
			files = (
			);
			runOnlyForDeploymentPostprocessing = 0;
		};
/* End PBXResourcesBuildPhase section */

/* Begin PBXShellScriptBuildPhase section */
		1E40B4BA9AF6167AA7D8D50E /* [CP] Embed Pods Frameworks */ = {
			isa = PBXShellScriptBuildPhase;
			buildActionMask = 2147483647;
			files = (
			);
			inputFileListPaths = (
			);
			inputPaths = (
				"${SRCROOT}/Pods/Target Support Files/Pods-open-now-ios/Pods-open-now-ios-frameworks.sh",
				"${BUILT_PRODUCTS_DIR}/BoringSSL/openssl.framework",
				"${BUILT_PRODUCTS_DIR}/Pulley/Pulley.framework",
				"${BUILT_PRODUCTS_DIR}/SwiftGRPC/SwiftGRPC.framework",
				"${BUILT_PRODUCTS_DIR}/SwiftProtobuf/SwiftProtobuf.framework",
				"${BUILT_PRODUCTS_DIR}/gRPC-Core/grpc.framework",
				"${BUILT_PRODUCTS_DIR}/nanopb/nanopb.framework",
			);
			name = "[CP] Embed Pods Frameworks";
			outputFileListPaths = (
			);
			outputPaths = (
				"${TARGET_BUILD_DIR}/${FRAMEWORKS_FOLDER_PATH}/openssl.framework",
				"${TARGET_BUILD_DIR}/${FRAMEWORKS_FOLDER_PATH}/Pulley.framework",
				"${TARGET_BUILD_DIR}/${FRAMEWORKS_FOLDER_PATH}/SwiftGRPC.framework",
				"${TARGET_BUILD_DIR}/${FRAMEWORKS_FOLDER_PATH}/SwiftProtobuf.framework",
				"${TARGET_BUILD_DIR}/${FRAMEWORKS_FOLDER_PATH}/grpc.framework",
				"${TARGET_BUILD_DIR}/${FRAMEWORKS_FOLDER_PATH}/nanopb.framework",
			);
			runOnlyForDeploymentPostprocessing = 0;
			shellPath = /bin/sh;
			shellScript = "\"${SRCROOT}/Pods/Target Support Files/Pods-open-now-ios/Pods-open-now-ios-frameworks.sh\"\n";
			showEnvVarsInLog = 0;
		};
		87FCA4AD118F428623B10A75 /* [CP] Check Pods Manifest.lock */ = {
			isa = PBXShellScriptBuildPhase;
			buildActionMask = 2147483647;
			files = (
			);
			inputFileListPaths = (
			);
			inputPaths = (
				"${PODS_PODFILE_DIR_PATH}/Podfile.lock",
				"${PODS_ROOT}/Manifest.lock",
			);
			name = "[CP] Check Pods Manifest.lock";
			outputFileListPaths = (
			);
			outputPaths = (
				"$(DERIVED_FILE_DIR)/Pods-open-now-ios-checkManifestLockResult.txt",
			);
			runOnlyForDeploymentPostprocessing = 0;
			shellPath = /bin/sh;
			shellScript = "diff \"${PODS_PODFILE_DIR_PATH}/Podfile.lock\" \"${PODS_ROOT}/Manifest.lock\" > /dev/null\nif [ $? != 0 ] ; then\n    # print error to STDERR\n    echo \"error: The sandbox is not in sync with the Podfile.lock. Run 'pod install' or update your CocoaPods installation.\" >&2\n    exit 1\nfi\n# This output is used by Xcode 'outputs' to avoid re-running this script phase.\necho \"SUCCESS\" > \"${SCRIPT_OUTPUT_FILE_0}\"\n";
			showEnvVarsInLog = 0;
		};
		C76D98B5FF0F259DC9B85F73 /* [CP] Check Pods Manifest.lock */ = {
			isa = PBXShellScriptBuildPhase;
			buildActionMask = 2147483647;
			files = (
			);
			inputFileListPaths = (
			);
			inputPaths = (
				"${PODS_PODFILE_DIR_PATH}/Podfile.lock",
				"${PODS_ROOT}/Manifest.lock",
			);
			name = "[CP] Check Pods Manifest.lock";
			outputFileListPaths = (
			);
			outputPaths = (
				"$(DERIVED_FILE_DIR)/Pods-open-now-iosUITests-checkManifestLockResult.txt",
			);
			runOnlyForDeploymentPostprocessing = 0;
			shellPath = /bin/sh;
			shellScript = "diff \"${PODS_PODFILE_DIR_PATH}/Podfile.lock\" \"${PODS_ROOT}/Manifest.lock\" > /dev/null\nif [ $? != 0 ] ; then\n    # print error to STDERR\n    echo \"error: The sandbox is not in sync with the Podfile.lock. Run 'pod install' or update your CocoaPods installation.\" >&2\n    exit 1\nfi\n# This output is used by Xcode 'outputs' to avoid re-running this script phase.\necho \"SUCCESS\" > \"${SCRIPT_OUTPUT_FILE_0}\"\n";
			showEnvVarsInLog = 0;
		};
		D791D2CDA2412202F202B591 /* [CP] Check Pods Manifest.lock */ = {
			isa = PBXShellScriptBuildPhase;
			buildActionMask = 2147483647;
			files = (
			);
			inputFileListPaths = (
			);
			inputPaths = (
				"${PODS_PODFILE_DIR_PATH}/Podfile.lock",
				"${PODS_ROOT}/Manifest.lock",
			);
			name = "[CP] Check Pods Manifest.lock";
			outputFileListPaths = (
			);
			outputPaths = (
				"$(DERIVED_FILE_DIR)/Pods-open-now-iosTests-checkManifestLockResult.txt",
			);
			runOnlyForDeploymentPostprocessing = 0;
			shellPath = /bin/sh;
			shellScript = "diff \"${PODS_PODFILE_DIR_PATH}/Podfile.lock\" \"${PODS_ROOT}/Manifest.lock\" > /dev/null\nif [ $? != 0 ] ; then\n    # print error to STDERR\n    echo \"error: The sandbox is not in sync with the Podfile.lock. Run 'pod install' or update your CocoaPods installation.\" >&2\n    exit 1\nfi\n# This output is used by Xcode 'outputs' to avoid re-running this script phase.\necho \"SUCCESS\" > \"${SCRIPT_OUTPUT_FILE_0}\"\n";
			showEnvVarsInLog = 0;
		};
/* End PBXShellScriptBuildPhase section */

/* Begin PBXSourcesBuildPhase section */
		5F86EEA321FD2FEC006C31D1 /* Sources */ = {
			isa = PBXSourcesBuildPhase;
			buildActionMask = 2147483647;
			files = (
				6ED67F0E21FDD6E7000F7511 /* service.grpc.swift in Sources */,
				5F86EEAD21FD2FED006C31D1 /* ViewController.swift in Sources */,
				6ED67F1321FE3728000F7511 /* DrawerViewController.swift in Sources */,
				5F86EEAB21FD2FED006C31D1 /* AppDelegate.swift in Sources */,
				6ED67F0D21FDD6E7000F7511 /* service.pb.swift in Sources */,
			);
			runOnlyForDeploymentPostprocessing = 0;
		};
		5F86EEB721FD2FED006C31D1 /* Sources */ = {
			isa = PBXSourcesBuildPhase;
			buildActionMask = 2147483647;
			files = (
				5F86EEC021FD2FED006C31D1 /* open_now_iosTests.swift in Sources */,
			);
			runOnlyForDeploymentPostprocessing = 0;
		};
		5F86EEC221FD2FED006C31D1 /* Sources */ = {
			isa = PBXSourcesBuildPhase;
			buildActionMask = 2147483647;
			files = (
				5F86EECB21FD2FED006C31D1 /* open_now_iosUITests.swift in Sources */,
			);
			runOnlyForDeploymentPostprocessing = 0;
		};
/* End PBXSourcesBuildPhase section */

/* Begin PBXTargetDependency section */
		5F86EEBD21FD2FED006C31D1 /* PBXTargetDependency */ = {
			isa = PBXTargetDependency;
			target = 5F86EEA621FD2FEC006C31D1 /* open-now-ios */;
			targetProxy = 5F86EEBC21FD2FED006C31D1 /* PBXContainerItemProxy */;
		};
		5F86EEC821FD2FED006C31D1 /* PBXTargetDependency */ = {
			isa = PBXTargetDependency;
			target = 5F86EEA621FD2FEC006C31D1 /* open-now-ios */;
			targetProxy = 5F86EEC721FD2FED006C31D1 /* PBXContainerItemProxy */;
		};
/* End PBXTargetDependency section */

/* Begin PBXVariantGroup section */
		5F86EEAE21FD2FED006C31D1 /* Main.storyboard */ = {
			isa = PBXVariantGroup;
			children = (
				5F86EEAF21FD2FED006C31D1 /* Base */,
			);
			name = Main.storyboard;
			sourceTree = "<group>";
		};
		5F86EEB321FD2FED006C31D1 /* LaunchScreen.storyboard */ = {
			isa = PBXVariantGroup;
			children = (
				5F86EEB421FD2FED006C31D1 /* Base */,
			);
			name = LaunchScreen.storyboard;
			sourceTree = "<group>";
		};
/* End PBXVariantGroup section */

/* Begin XCBuildConfiguration section */
		5F86EECD21FD2FED006C31D1 /* Debug */ = {
			isa = XCBuildConfiguration;
			buildSettings = {
				ALWAYS_SEARCH_USER_PATHS = NO;
				CLANG_ANALYZER_NONNULL = YES;
				CLANG_ANALYZER_NUMBER_OBJECT_CONVERSION = YES_AGGRESSIVE;
				CLANG_CXX_LANGUAGE_STANDARD = "gnu++14";
				CLANG_CXX_LIBRARY = "libc++";
				CLANG_ENABLE_MODULES = YES;
				CLANG_ENABLE_OBJC_ARC = YES;
				CLANG_ENABLE_OBJC_WEAK = YES;
				CLANG_WARN_BLOCK_CAPTURE_AUTORELEASING = YES;
				CLANG_WARN_BOOL_CONVERSION = YES;
				CLANG_WARN_COMMA = YES;
				CLANG_WARN_CONSTANT_CONVERSION = YES;
				CLANG_WARN_DEPRECATED_OBJC_IMPLEMENTATIONS = YES;
				CLANG_WARN_DIRECT_OBJC_ISA_USAGE = YES_ERROR;
				CLANG_WARN_DOCUMENTATION_COMMENTS = YES;
				CLANG_WARN_EMPTY_BODY = YES;
				CLANG_WARN_ENUM_CONVERSION = YES;
				CLANG_WARN_INFINITE_RECURSION = YES;
				CLANG_WARN_INT_CONVERSION = YES;
				CLANG_WARN_NON_LITERAL_NULL_CONVERSION = YES;
				CLANG_WARN_OBJC_IMPLICIT_RETAIN_SELF = YES;
				CLANG_WARN_OBJC_LITERAL_CONVERSION = YES;
				CLANG_WARN_OBJC_ROOT_CLASS = YES_ERROR;
				CLANG_WARN_RANGE_LOOP_ANALYSIS = YES;
				CLANG_WARN_STRICT_PROTOTYPES = YES;
				CLANG_WARN_SUSPICIOUS_MOVE = YES;
				CLANG_WARN_UNGUARDED_AVAILABILITY = YES_AGGRESSIVE;
				CLANG_WARN_UNREACHABLE_CODE = YES;
				CLANG_WARN__DUPLICATE_METHOD_MATCH = YES;
				CODE_SIGN_IDENTITY = "iPhone Developer";
				COPY_PHASE_STRIP = NO;
				DEBUG_INFORMATION_FORMAT = dwarf;
				ENABLE_STRICT_OBJC_MSGSEND = YES;
				ENABLE_TESTABILITY = YES;
				GCC_C_LANGUAGE_STANDARD = gnu11;
				GCC_DYNAMIC_NO_PIC = NO;
				GCC_NO_COMMON_BLOCKS = YES;
				GCC_OPTIMIZATION_LEVEL = 0;
				GCC_PREPROCESSOR_DEFINITIONS = (
					"DEBUG=1",
					"$(inherited)",
				);
				GCC_WARN_64_TO_32_BIT_CONVERSION = YES;
				GCC_WARN_ABOUT_RETURN_TYPE = YES_ERROR;
				GCC_WARN_UNDECLARED_SELECTOR = YES;
				GCC_WARN_UNINITIALIZED_AUTOS = YES_AGGRESSIVE;
				GCC_WARN_UNUSED_FUNCTION = YES;
				GCC_WARN_UNUSED_VARIABLE = YES;
				IPHONEOS_DEPLOYMENT_TARGET = 12.1;
				MTL_ENABLE_DEBUG_INFO = INCLUDE_SOURCE;
				MTL_FAST_MATH = YES;
				ONLY_ACTIVE_ARCH = YES;
				SDKROOT = iphoneos;
				SWIFT_ACTIVE_COMPILATION_CONDITIONS = DEBUG;
				SWIFT_OPTIMIZATION_LEVEL = "-Onone";
			};
			name = Debug;
		};
		5F86EECE21FD2FED006C31D1 /* Release */ = {
			isa = XCBuildConfiguration;
			buildSettings = {
				ALWAYS_SEARCH_USER_PATHS = NO;
				CLANG_ANALYZER_NONNULL = YES;
				CLANG_ANALYZER_NUMBER_OBJECT_CONVERSION = YES_AGGRESSIVE;
				CLANG_CXX_LANGUAGE_STANDARD = "gnu++14";
				CLANG_CXX_LIBRARY = "libc++";
				CLANG_ENABLE_MODULES = YES;
				CLANG_ENABLE_OBJC_ARC = YES;
				CLANG_ENABLE_OBJC_WEAK = YES;
				CLANG_WARN_BLOCK_CAPTURE_AUTORELEASING = YES;
				CLANG_WARN_BOOL_CONVERSION = YES;
				CLANG_WARN_COMMA = YES;
				CLANG_WARN_CONSTANT_CONVERSION = YES;
				CLANG_WARN_DEPRECATED_OBJC_IMPLEMENTATIONS = YES;
				CLANG_WARN_DIRECT_OBJC_ISA_USAGE = YES_ERROR;
				CLANG_WARN_DOCUMENTATION_COMMENTS = YES;
				CLANG_WARN_EMPTY_BODY = YES;
				CLANG_WARN_ENUM_CONVERSION = YES;
				CLANG_WARN_INFINITE_RECURSION = YES;
				CLANG_WARN_INT_CONVERSION = YES;
				CLANG_WARN_NON_LITERAL_NULL_CONVERSION = YES;
				CLANG_WARN_OBJC_IMPLICIT_RETAIN_SELF = YES;
				CLANG_WARN_OBJC_LITERAL_CONVERSION = YES;
				CLANG_WARN_OBJC_ROOT_CLASS = YES_ERROR;
				CLANG_WARN_RANGE_LOOP_ANALYSIS = YES;
				CLANG_WARN_STRICT_PROTOTYPES = YES;
				CLANG_WARN_SUSPICIOUS_MOVE = YES;
				CLANG_WARN_UNGUARDED_AVAILABILITY = YES_AGGRESSIVE;
				CLANG_WARN_UNREACHABLE_CODE = YES;
				CLANG_WARN__DUPLICATE_METHOD_MATCH = YES;
				CODE_SIGN_IDENTITY = "iPhone Developer";
				COPY_PHASE_STRIP = NO;
				DEBUG_INFORMATION_FORMAT = "dwarf-with-dsym";
				ENABLE_NS_ASSERTIONS = NO;
				ENABLE_STRICT_OBJC_MSGSEND = YES;
				GCC_C_LANGUAGE_STANDARD = gnu11;
				GCC_NO_COMMON_BLOCKS = YES;
				GCC_WARN_64_TO_32_BIT_CONVERSION = YES;
				GCC_WARN_ABOUT_RETURN_TYPE = YES_ERROR;
				GCC_WARN_UNDECLARED_SELECTOR = YES;
				GCC_WARN_UNINITIALIZED_AUTOS = YES_AGGRESSIVE;
				GCC_WARN_UNUSED_FUNCTION = YES;
				GCC_WARN_UNUSED_VARIABLE = YES;
				IPHONEOS_DEPLOYMENT_TARGET = 12.1;
				MTL_ENABLE_DEBUG_INFO = NO;
				MTL_FAST_MATH = YES;
				SDKROOT = iphoneos;
				SWIFT_COMPILATION_MODE = wholemodule;
				SWIFT_OPTIMIZATION_LEVEL = "-O";
				VALIDATE_PRODUCT = YES;
			};
			name = Release;
		};
		5F86EED021FD2FED006C31D1 /* Debug */ = {
			isa = XCBuildConfiguration;
			baseConfigurationReference = C06441A1B968162667694F8A /* Pods-open-now-ios.debug.xcconfig */;
			buildSettings = {
				ASSETCATALOG_COMPILER_APPICON_NAME = AppIcon;
				CODE_SIGN_STYLE = Automatic;
				DEVELOPMENT_TEAM = H957Q87XZ7;
				INFOPLIST_FILE = "open-now-ios/Info.plist";
				LD_RUNPATH_SEARCH_PATHS = (
					"$(inherited)",
					"@executable_path/Frameworks",
				);
				PRODUCT_BUNDLE_IDENTIFIER = "com.launchpals.open-now-ios";
				PRODUCT_NAME = "$(TARGET_NAME)";
				SWIFT_OBJC_BRIDGING_HEADER = "open-now-ios/Bridge.h";
				SWIFT_VERSION = 4.2;
				TARGETED_DEVICE_FAMILY = "1,2";
			};
			name = Debug;
		};
		5F86EED121FD2FED006C31D1 /* Release */ = {
			isa = XCBuildConfiguration;
			baseConfigurationReference = D453F9990B8998CA2954E698 /* Pods-open-now-ios.release.xcconfig */;
			buildSettings = {
				ASSETCATALOG_COMPILER_APPICON_NAME = AppIcon;
				CODE_SIGN_STYLE = Automatic;
				DEVELOPMENT_TEAM = H957Q87XZ7;
				INFOPLIST_FILE = "open-now-ios/Info.plist";
				LD_RUNPATH_SEARCH_PATHS = (
					"$(inherited)",
					"@executable_path/Frameworks",
				);
				PRODUCT_BUNDLE_IDENTIFIER = "com.launchpals.open-now-ios";
				PRODUCT_NAME = "$(TARGET_NAME)";
				SWIFT_OBJC_BRIDGING_HEADER = "open-now-ios/Bridge.h";
				SWIFT_VERSION = 4.2;
				TARGETED_DEVICE_FAMILY = "1,2";
			};
			name = Release;
		};
		5F86EED321FD2FED006C31D1 /* Debug */ = {
			isa = XCBuildConfiguration;
			baseConfigurationReference = 434576811570149532CC16E3 /* Pods-open-now-iosTests.debug.xcconfig */;
			buildSettings = {
				ALWAYS_EMBED_SWIFT_STANDARD_LIBRARIES = YES;
				BUNDLE_LOADER = "$(TEST_HOST)";
				CODE_SIGN_STYLE = Automatic;
				INFOPLIST_FILE = "open-now-iosTests/Info.plist";
				LD_RUNPATH_SEARCH_PATHS = (
					"$(inherited)",
					"@executable_path/Frameworks",
					"@loader_path/Frameworks",
				);
				PRODUCT_BUNDLE_IDENTIFIER = "com.launchpals.open-now-iosTests";
				PRODUCT_NAME = "$(TARGET_NAME)";
				SWIFT_VERSION = 4.2;
				TARGETED_DEVICE_FAMILY = "1,2";
				TEST_HOST = "$(BUILT_PRODUCTS_DIR)/open-now-ios.app/open-now-ios";
			};
			name = Debug;
		};
		5F86EED421FD2FED006C31D1 /* Release */ = {
			isa = XCBuildConfiguration;
			baseConfigurationReference = 4F6A070DD06A98F406F03803 /* Pods-open-now-iosTests.release.xcconfig */;
			buildSettings = {
				ALWAYS_EMBED_SWIFT_STANDARD_LIBRARIES = YES;
				BUNDLE_LOADER = "$(TEST_HOST)";
				CODE_SIGN_STYLE = Automatic;
				INFOPLIST_FILE = "open-now-iosTests/Info.plist";
				LD_RUNPATH_SEARCH_PATHS = (
					"$(inherited)",
					"@executable_path/Frameworks",
					"@loader_path/Frameworks",
				);
				PRODUCT_BUNDLE_IDENTIFIER = "com.launchpals.open-now-iosTests";
				PRODUCT_NAME = "$(TARGET_NAME)";
				SWIFT_VERSION = 4.2;
				TARGETED_DEVICE_FAMILY = "1,2";
				TEST_HOST = "$(BUILT_PRODUCTS_DIR)/open-now-ios.app/open-now-ios";
			};
			name = Release;
		};
		5F86EED621FD2FED006C31D1 /* Debug */ = {
			isa = XCBuildConfiguration;
			baseConfigurationReference = 79C1BB13CF6F003B5BCAAA97 /* Pods-open-now-iosUITests.debug.xcconfig */;
			buildSettings = {
				ALWAYS_EMBED_SWIFT_STANDARD_LIBRARIES = YES;
				CODE_SIGN_STYLE = Automatic;
				INFOPLIST_FILE = "open-now-iosUITests/Info.plist";
				LD_RUNPATH_SEARCH_PATHS = (
					"$(inherited)",
					"@executable_path/Frameworks",
					"@loader_path/Frameworks",
				);
				PRODUCT_BUNDLE_IDENTIFIER = "com.launchpals.open-now-iosUITests";
				PRODUCT_NAME = "$(TARGET_NAME)";
				SWIFT_VERSION = 4.2;
				TARGETED_DEVICE_FAMILY = "1,2";
				TEST_TARGET_NAME = "open-now-ios";
			};
			name = Debug;
		};
		5F86EED721FD2FED006C31D1 /* Release */ = {
			isa = XCBuildConfiguration;
			baseConfigurationReference = 15BB3FED3140A43F0397A8E6 /* Pods-open-now-iosUITests.release.xcconfig */;
			buildSettings = {
				ALWAYS_EMBED_SWIFT_STANDARD_LIBRARIES = YES;
				CODE_SIGN_STYLE = Automatic;
				INFOPLIST_FILE = "open-now-iosUITests/Info.plist";
				LD_RUNPATH_SEARCH_PATHS = (
					"$(inherited)",
					"@executable_path/Frameworks",
					"@loader_path/Frameworks",
				);
				PRODUCT_BUNDLE_IDENTIFIER = "com.launchpals.open-now-iosUITests";
				PRODUCT_NAME = "$(TARGET_NAME)";
				SWIFT_VERSION = 4.2;
				TARGETED_DEVICE_FAMILY = "1,2";
				TEST_TARGET_NAME = "open-now-ios";
			};
			name = Release;
		};
/* End XCBuildConfiguration section */

/* Begin XCConfigurationList section */
		5F86EEA221FD2FEC006C31D1 /* Build configuration list for PBXProject "open-now-ios" */ = {
			isa = XCConfigurationList;
			buildConfigurations = (
				5F86EECD21FD2FED006C31D1 /* Debug */,
				5F86EECE21FD2FED006C31D1 /* Release */,
			);
			defaultConfigurationIsVisible = 0;
			defaultConfigurationName = Release;
		};
		5F86EECF21FD2FED006C31D1 /* Build configuration list for PBXNativeTarget "open-now-ios" */ = {
			isa = XCConfigurationList;
			buildConfigurations = (
				5F86EED021FD2FED006C31D1 /* Debug */,
				5F86EED121FD2FED006C31D1 /* Release */,
			);
			defaultConfigurationIsVisible = 0;
			defaultConfigurationName = Release;
		};
		5F86EED221FD2FED006C31D1 /* Build configuration list for PBXNativeTarget "open-now-iosTests" */ = {
			isa = XCConfigurationList;
			buildConfigurations = (
				5F86EED321FD2FED006C31D1 /* Debug */,
				5F86EED421FD2FED006C31D1 /* Release */,
			);
			defaultConfigurationIsVisible = 0;
			defaultConfigurationName = Release;
		};
		5F86EED521FD2FED006C31D1 /* Build configuration list for PBXNativeTarget "open-now-iosUITests" */ = {
			isa = XCConfigurationList;
			buildConfigurations = (
				5F86EED621FD2FED006C31D1 /* Debug */,
				5F86EED721FD2FED006C31D1 /* Release */,
			);
			defaultConfigurationIsVisible = 0;
			defaultConfigurationName = Release;
		};
/* End XCConfigurationList section */
	};
	rootObject = 5F86EE9F21FD2FEC006C31D1 /* Project object */;
}
